
Microsoft Visual Studio Solution File, Format Version 12.00
# Visual Studio 15
VisualStudioVersion = 15.0.28307.705
MinimumVisualStudioVersion = 10.0.40219.1
Project("{FAE04EC0-301F-11D3-BF4B-00C04F79EFBC}") = "ljm4", "ljm4\ljm4.csproj", "{549FEE4E-C669-4F33-BC50-FFE8DBB026B3}"
EndProject
Global
	GlobalSection(SolutionConfigurationPlatforms) = preSolution
		Debug|Any CPU = Debug|Any CPU
		Release|Any CPU = Release|Any CPU
	EndGlobalSection
	GlobalSection(ProjectConfigurationPlatforms) = postSolution
		{549FEE4E-C669-4F33-BC50-FFE8DBB026B3}.Debug|Any CPU.ActiveCfg = Debug|Any CPU
		{549FEE4E-C669-4F33-BC50-FFE8DBB026B3}.Debug|Any CPU.Build.0 = Debug|Any CPU
		{549FEE4E-C669-4F33-BC50-FFE8DBB026B3}.Release|Any CPU.ActiveCfg = Release|Any CPU
		{549FEE4E-C669-4F33-BC50-FFE8DBB026B3}.Release|Any CPU.Build.0 = Release|Any CPU
	EndGlobalSection
	GlobalSection(SolutionProperties) = preSolution
		HideSolutionNode = FALSE
	EndGlobalSection
	GlobalSection(ExtensibilityGlobals) = postSolution
		SolutionGuid = {09028D6A-909F-407D-84EE-730A3D96D0F6}
	EndGlobalSection
EndGlobal
